uuid: 75ffc049-e23f-44e9-9be5-1c80a9cbd484
langcode: en
status: true
dependencies: {  }
_core:
  default_config_hash: 9K6zu2L-bI_z2bD7378My9avmU8iEKtcvFshwO2_1PI
id: custom_layout_canvas_block
label: 'Custom Layout Canvas Block'
revision: 1
description: 'A Custom block type with a layout canvas field to add components and place them using blocks'
