uuid: 05d80ab1-e3e2-4144-9f17-340baecf86d0
langcode: en
status: true
dependencies:
  config:
    - views.view.case_study_listing
  module:
    - cohesion
    - collapsiblock
    - views
  theme:
    - bbb_site_studio
third_party_settings:
  collapsiblock:
    collapse_action: 0
_core:
  default_config_hash: sGTauYcP8KnpewLxdk8_UIP4fjUqEURrFMramSKfF4Q
id: views_block__case_study_listing_case_study_list_block
theme: bbb_site_studio
region: dx8_hidden
weight: 0
provider: null
plugin: 'views_block:case_study_listing-case_study_list_block'
settings:
  id: 'views_block:case_study_listing-case_study_list_block'
  label: ''
  label_display: '0'
  provider: views
  views_label: ''
  items_per_page: none
visibility:
  cohesion_master_template:
    id: cohesion_master_template
    negate: false
    using_master_template: 0
