uuid: ce67cc96-05f5-4912-9670-eb5f29f607c3
langcode: en
status: true
dependencies:
  config:
    - views.view.article
  module:
    - cohesion
    - collapsiblock
    - views
  theme:
    - bbb_site_studio
third_party_settings:
  collapsiblock:
    collapse_action: 0
id: views_block_article_listing_block
theme: bbb_site_studio
region: dx8_hidden
weight: 0
provider: null
plugin: 'views_block:article-article_listing_block'
settings:
  id: 'views_block:article-article_listing_block'
  label: ''
  label_display: '0'
  provider: views
  views_label: ''
  items_per_page: none
visibility:
  cohesion_master_template:
    id: cohesion_master_template
    negate: false
    using_master_template: 0
